
Microsoft Visual Studio Solution File, Format Version 12.00
# Visual Studio Version 16
VisualStudioVersion = 16.0.33214.272
MinimumVisualStudioVersion = 10.0.40219.1
Project("{FAE04EC0-301F-11D3-BF4B-00C04F79EFBC}") = "NexAssessmentTest", "NexAssessmentTest.csproj", "{4003BB33-8D4C-4C29-B0CA-C2223CF50B78}"
EndProject
Global
	GlobalSection(SolutionConfigurationPlatforms) = preSolution
		Debug|Any CPU = Debug|Any CPU
		Release|Any CPU = Release|Any CPU
	EndGlobalSection
	GlobalSection(ProjectConfigurationPlatforms) = postSolution
		{4003BB33-8D4C-4C29-B0CA-C2223CF50B78}.Debug|Any CPU.ActiveCfg = Debug|Any CPU
		{4003BB33-8D4C-4C29-B0CA-C2223CF50B78}.Debug|Any CPU.Build.0 = Debug|Any CPU
		{4003BB33-8D4C-4C29-B0CA-C2223CF50B78}.Release|Any CPU.ActiveCfg = Release|Any CPU
		{4003BB33-8D4C-4C29-B0CA-C2223CF50B78}.Release|Any CPU.Build.0 = Release|Any CPU
	EndGlobalSection
	GlobalSection(SolutionProperties) = preSolution
		HideSolutionNode = FALSE
	EndGlobalSection
	GlobalSection(ExtensibilityGlobals) = postSolution
		SolutionGuid = {854EE5D5-DB0E-4C05-8638-464C2D8B4B05}
	EndGlobalSection
EndGlobal
